%{
  "elixir_make": {:hex, :elixir_make, "0.9.0", "6484b3cd8c0cee58f09f05ecaf1a140a8c97670671a6a0e7ab4dc326c3109726", [:mix], [], "hexpm", "db23d4fd8b757462ad02f8aa73431a426fe6671c80b200d9710caf3d1dd0ffdb"},
  "fine": {:hex, :fine, "0.1.0", "9bb99a5ff9b968f12c3b458fa1277c39e9a620b23a9439103703a25917293871", [:mix], [], "hexpm", "1d6485bf811b95dc6ae3d197c0e6f994880b86167a827983bb29cbfc03a02684"},
}
